{
  "entries": [
    {
      "chapter": "basics.md",
      "hcl": "component \"wheel\" {\n  description = \"A spinning round object\"\n  leaf = true\n}\n\ncomponent \"fork\" {\n  description = \"Holds the front wheel\"\n  leaf = true\n}\n\ncomponent \"frame\"  {\n  description = \"main component of a bicycle\"\n  leaf = true\n}\n\nsystem \"bicycle\" {\n  description = \"Personal transport vehicle\"\n\n  instance \"front-wheel\" {source = \"wheel\"}\n  instance \"rear-wheel\" {source = \"wheel\"}\n  instance \"fork\" {source = \"fork\"}\n  instance \"frame\" {source = \"frame\"}\n\n  connection \"front-wheel-mount\" {\n    description = \"keeps the front wheel attached\"\n    from = \"./front-wheel\"\n    to = \"fork\"\n  }\n\n  connection \"rear-wheel-mount\" {\n    description = \"keeps the rear wheel attached\"\n    from = \"./rear-wheel\"\n    to = \"./frame\"\n  }\n\n  connection \"fork-mount\" {\n    description = \"bearing connecting the fork to the frame\"\n    from = \"./fork\"\n    to = \"./frame\"\n  }\n}",
      "input_sha256": "a5821a30e07f6aa317009b666d79611c367f011268341d5a1cdcdf43bb420e1b",
      "output": {
        "errors": [],
        "score": {
          "components": {
            "complete": 7,
            "total": 7
          },
          "connections": {
            "complete": 0,
            "total": 3
          },
          "messages": {
            "complete": 0,
            "total": 0
          },
          "overall": {
            "complete": 7,
            "percent": 70.0,
            "total": 10
          },
          "ports": {
            "complete": 0,
            "total": 0
          },
          "system": ""
        },
        "warnings": [
          {
            "code": "W003",
            "message": "component 'fork' is not referenced by any connection"
          },
          {
            "code": "W003",
            "message": "component 'frame' is not referenced by any connection"
          },
          {
            "code": "W003",
            "message": "component 'wheel' is not referenced by any connection"
          }
        ]
      }
    },
    {
      "chapter": "basics.md",
      "hcl": "component \"wheel\" {\n  description = \"A spinning round object\"\n  leaf = true\n}\n\nsystem \"bicycle\" {\n  description = \"Personal transport vehicle\"\n\n  instance \"front-wheel\" {source = \"wheel\"}\n  instance \"rear-wheel\" {source = \"wheel\"}\n}",
      "input_sha256": "c6df9297fcd60ca8df1f49594b62ba4996109c49612ea0d4d35f3af9382b741a",
      "output": {
        "errors": [],
        "score": {
          "components": {
            "complete": 3,
            "total": 3
          },
          "connections": {
            "complete": 0,
            "total": 0
          },
          "messages": {
            "complete": 0,
            "total": 0
          },
          "overall": {
            "complete": 3,
            "percent": 100.0,
            "total": 3
          },
          "ports": {
            "complete": 0,
            "total": 0
          },
          "system": ""
        },
        "warnings": [
          {
            "code": "W003",
            "message": "component 'front-wheel' is not referenced by any connection"
          },
          {
            "code": "W003",
            "message": "component 'rear-wheel' is not referenced by any connection"
          },
          {
            "code": "W003",
            "message": "component 'wheel' is not referenced by any connection"
          }
        ]
      }
    },
    {
      "chapter": "basics.md",
      "hcl": "component \"wheel\" {\n  description = \"A spinning round object\"\n}",
      "input_sha256": "e60a19d0d7a42325a736f04e05be52a9d526b2796a98fe1af3a3dfc9803c7204",
      "output": {
        "errors": [],
        "score": {
          "components": {
            "complete": 0,
            "total": 1
          },
          "connections": {
            "complete": 0,
            "total": 0
          },
          "messages": {
            "complete": 0,
            "total": 0
          },
          "overall": {
            "complete": 0,
            "percent": 0.0,
            "total": 1
          },
          "ports": {
            "complete": 0,
            "total": 0
          },
          "system": ""
        },
        "warnings": [
          {
            "code": "W001",
            "message": "component 'wheel' is non-leaf but has no child components"
          },
          {
            "code": "W003",
            "message": "component 'wheel' is not referenced by any connection"
          }
        ]
      }
    },
    {
      "chapter": "basics.md",
      "hcl": "system \"nothing\" {\n  description = \"an empty system\"\n}\n\nsystem \"also-nothing\" {\n  description = \"Nothingness 2.0: Electric Bongaloo\"\n}",
      "input_sha256": "ea62c8ea8a728e4fae990f0287978800f2d93189bad9eeee612d385193777b5c",
      "output": {
        "errors": [],
        "score": {
          "components": {
            "complete": 0,
            "total": 0
          },
          "connections": {
            "complete": 0,
            "total": 0
          },
          "messages": {
            "complete": 0,
            "total": 0
          },
          "overall": {
            "complete": 0,
            "percent": 0.0,
            "total": 0
          },
          "ports": {
            "complete": 0,
            "total": 0
          },
          "system": ""
        },
        "warnings": []
      }
    },
    {
      "chapter": "basics.md",
      "hcl": "system \"nothing\" {\n  description = \"an empty system\"\n}",
      "input_sha256": "fa10bcd472f8d57c7e8b5444c160fc7f8f73a0d0296583dfdaa0a1905243289c",
      "output": {
        "errors": [],
        "score": {
          "components": {
            "complete": 0,
            "total": 0
          },
          "connections": {
            "complete": 0,
            "total": 0
          },
          "messages": {
            "complete": 0,
            "total": 0
          },
          "overall": {
            "complete": 0,
            "percent": 0.0,
            "total": 0
          },
          "ports": {
            "complete": 0,
            "total": 0
          },
          "system": ""
        },
        "warnings": []
      }
    },
    {
      "chapter": "sketch.md",
      "hcl": "project {\n  name = \"sketch\"\n}\n\nprotocol \"serial\" {\n  # No messages are defined yet.\n}\n\ncomponent \"sensor-hat\" {\n  description = \"Reusable sensor board\"\n  leaf        = true\n\n  port \"data\" {\n    protocol = \"serial\"\n  }\n}\n\nsystem \"dev-rig\" {\n  description = \"A rough first sketch\"\n\n  component \"controller\" {\n    leaf = true\n\n    port \"uart\" {\n      protocol = \"serial\"\n    }\n  }\n\n  component \"sensor\" {\n    source = \"sensor-hat\"\n  }\n\n  connection \"link\" {\n    from = \"controller/uart\"\n    to   = \"sensor/data\"\n  }\n}",
      "input_sha256": "b152e530691ecdfad4caa46930628fb375578bf1de9b57ad0b8d770a8d60644c",
      "output": {
        "errors": [
          {
            "code": "E011",
            "message": "connection 'link' references undefined component 'controller' in 'from'"
          },
          {
            "code": "E011",
            "message": "connection 'link' references undefined component 'sensor' in 'to'"
          }
        ],
        "warnings": [
          {
            "code": "W003",
            "message": "component 'sensor-hat' is not referenced by any connection"
          },
          {
            "code": "W004",
            "message": "connection 'link' is missing a description"
          },
          {
            "code": "W005",
            "message": "connection 'link' has 'from' and 'to' pointing to the same component"
          },
          {
            "code": "W010",
            "message": "port 'data' is not referenced by any connection"
          },
          {
            "code": "W011",
            "message": "protocol 'serial' has no messages defined"
          },
          {
            "code": "W015",
            "message": "unexpected block type 'component' inside system ignored"
          },
          {
            "code": "W015",
            "message": "unexpected block type 'component' inside system ignored"
          }
        ]
      }
    },
    {
      "chapter": "wiring-bug.md",
      "hcl": "project {\n  name = \"wiring-bug\"\n}\n\nprotocol \"greeting\" {\n  description = \"A simple greeting\"\n\n  message \"hello\" {\n    description = \"The greeting payload\"\n    field \"text\" { type = \"string\" }\n  }\n}\n\nsystem \"app\" {\n  description = \"Two components with a broken connection\"\n\n  component \"sender\" {\n    description = \"Sends a greeting\"\n    leaf        = true\n\n    port \"out\" {\n      protocol = \"greeting\"\n    }\n  }\n\n  component \"receiver\" {\n    description = \"Receives a greeting\"\n    leaf        = true\n\n    port \"in\" {\n      protocol = \"greeting\"\n    }\n  }\n\n  connection \"greet\" {\n    from = \"sender/outgoing\" // typo: this port does not exist\n    to   = \"receiver/in\"\n  }\n}",
      "input_sha256": "4f58b6a87ec8e504d5c64c18e73f7061d5376d85bad577ba617bb0dece3e1855",
      "output": {
        "errors": [
          {
            "code": "E011",
            "message": "connection 'greet' references undefined component 'receiver' in 'to'"
          },
          {
            "code": "E011",
            "message": "connection 'greet' references undefined component 'sender' in 'from'"
          }
        ],
        "warnings": [
          {
            "code": "W004",
            "message": "connection 'greet' is missing a description"
          },
          {
            "code": "W005",
            "message": "connection 'greet' has 'from' and 'to' pointing to the same component"
          },
          {
            "code": "W012",
            "message": "top-level protocol 'greeting' is not referenced by any port"
          },
          {
            "code": "W015",
            "message": "unexpected block type 'component' inside system ignored"
          },
          {
            "code": "W015",
            "message": "unexpected block type 'component' inside system ignored"
          }
        ]
      }
    }
  ],
  "format": 1,
  "rhizz_version": "rhizz 0.1.0"
}
