{
  "entries": [
    {
      "chapter": "01_basics.md",
      "hcl": "component \"tire\" {\n  description = \"A 24in bicycle tire\"\n  leaf = true\n}\n\ncomponent \"wheel\" {\n  description = \"A spinning round object\"\n  instance \"tire\" {source = \"tire\"}\n}\n\nsystem \"bicycle\" {\n  description = \"Personal transport vehicle\"\n\n  instance \"front-wheel\" {source = \"wheel\"}\n  instance \"rear-wheel\" {source = \"wheel\"}\n}",
      "input_sha256": "7d56d605d17bad608fad2d09c1bfa6f2553824010a3efd42e42a8fb7ab0997c5",
      "level": "architectural",
      "output": {
        "errors": [],
        "score": {
          "components": {
            "complete": 7,
            "total": 7
          },
          "connections": {
            "complete": 0,
            "total": 0
          },
          "messages": {
            "complete": 0,
            "total": 0
          },
          "overall": {
            "complete": 7,
            "percent": 100.0,
            "total": 7
          },
          "ports": {
            "complete": 0,
            "total": 0
          },
          "system": ""
        },
        "warnings": [
          {
            "code": "W003",
            "message": "component 'front-wheel' (source 'wheel') is not referenced by any connection"
          },
          {
            "code": "W003",
            "message": "component 'rear-wheel' (source 'wheel') is not referenced by any connection"
          },
          {
            "code": "W003",
            "message": "component 'tire' (source 'tire') is not referenced by any connection"
          },
          {
            "code": "W003",
            "message": "component 'tire' (source 'tire') is not referenced by any connection"
          },
          {
            "code": "W003",
            "message": "component 'tire' (source 'tire') is not referenced by any connection"
          }
        ]
      }
    },
    {
      "chapter": "01_basics.md",
      "hcl": "component \"wheel\" {\n  description = \"A spinning round object\"\n  leaf = true\n}\n\nsystem \"bicycle\" {\n  description = \"Personal transport vehicle\"\n\n  instance \"front-wheel\" {source = \"wheel\"}\n  instance \"rear-wheel\" {source = \"wheel\"}\n}",
      "input_sha256": "c6df9297fcd60ca8df1f49594b62ba4996109c49612ea0d4d35f3af9382b741a",
      "level": "architectural",
      "output": {
        "errors": [],
        "score": {
          "components": {
            "complete": 3,
            "total": 3
          },
          "connections": {
            "complete": 0,
            "total": 0
          },
          "messages": {
            "complete": 0,
            "total": 0
          },
          "overall": {
            "complete": 3,
            "percent": 100.0,
            "total": 3
          },
          "ports": {
            "complete": 0,
            "total": 0
          },
          "system": ""
        },
        "warnings": [
          {
            "code": "W003",
            "message": "component 'front-wheel' (source 'wheel') is not referenced by any connection"
          },
          {
            "code": "W003",
            "message": "component 'rear-wheel' (source 'wheel') is not referenced by any connection"
          }
        ]
      }
    },
    {
      "chapter": "01_basics.md",
      "hcl": "component \"tire\" {\n  description = \"A 24in bicycle tire\"\n  leaf = true\n}\n\ncomponent \"wheel\" {\n  description = \"A spinning round object\"\n  instance \"tire\" {source = \"tire\"}\n}\n\ncomponent \"fork\" {\n  description = \"Holds the front wheel\"\n  leaf = true\n}\n\ncomponent \"frame\"  {\n  description = \"main component of a bicycle\"\n  leaf = true\n}\n\nsystem \"bicycle\" {\n  description = \"Personal transport vehicle\"\n\n  instance \"front-wheel\" {source = \"wheel\"}\n  instance \"rear-wheel\" {source = \"wheel\"}\n  instance \"fork\" {source = \"fork\"}\n  instance \"frame\" {source = \"frame\"}\n\n  connection \"front-wheel-mount\" {\n    description = \"keeps the front wheel attached\"\n    from = \"./front-wheel\"\n    to = \"fork\"\n  }\n\n  connection \"rear-wheel-mount\" {\n    description = \"keeps the rear wheel attached\"\n    from = \"./rear-wheel\"\n    to = \"./frame\"\n  }\n\n  connection \"fork-mount\" {\n    description = \"bearing connecting the fork to the frame\"\n    from = \"./fork\"\n    to = \"./frame\"\n  }\n}",
      "input_sha256": "d608f4bbe5322497d8eeca5659feaa80fc290ec8349d3c3b3afa79a5bb2f874c",
      "level": "architectural",
      "output": {
        "errors": [],
        "score": {
          "components": {
            "complete": 11,
            "total": 11
          },
          "connections": {
            "complete": 0,
            "total": 3
          },
          "messages": {
            "complete": 0,
            "total": 0
          },
          "overall": {
            "complete": 11,
            "percent": 78.6,
            "total": 14
          },
          "ports": {
            "complete": 0,
            "total": 0
          },
          "system": ""
        },
        "warnings": [
          {
            "code": "W003",
            "message": "component 'tire' (source 'tire') is not referenced by any connection"
          },
          {
            "code": "W003",
            "message": "component 'tire' (source 'tire') is not referenced by any connection"
          },
          {
            "code": "W003",
            "message": "component 'tire' (source 'tire') is not referenced by any connection"
          }
        ]
      }
    },
    {
      "chapter": "01_basics.md",
      "hcl": "component \"wheel\" {\n  description = \"A spinning round object\"\n}",
      "input_sha256": "e60a19d0d7a42325a736f04e05be52a9d526b2796a98fe1af3a3dfc9803c7204",
      "level": "architectural",
      "output": {
        "errors": [],
        "score": {
          "components": {
            "complete": 0,
            "total": 1
          },
          "connections": {
            "complete": 0,
            "total": 0
          },
          "messages": {
            "complete": 0,
            "total": 0
          },
          "overall": {
            "complete": 0,
            "percent": 0.0,
            "total": 1
          },
          "ports": {
            "complete": 0,
            "total": 0
          },
          "system": ""
        },
        "warnings": [
          {
            "code": "W001",
            "message": "component 'wheel' is non-leaf but has no child components"
          }
        ]
      }
    },
    {
      "chapter": "01_basics.md",
      "hcl": "system \"nothing\" {\n  description = \"an empty system\"\n}\n\nsystem \"also-nothing\" {\n  description = \"Nothingness 2.0: Electric Bongaloo\"\n}",
      "input_sha256": "ea62c8ea8a728e4fae990f0287978800f2d93189bad9eeee612d385193777b5c",
      "level": "component",
      "output": {
        "errors": [],
        "score": {
          "components": {
            "complete": 0,
            "total": 0
          },
          "connections": {
            "complete": 0,
            "total": 0
          },
          "messages": {
            "complete": 0,
            "total": 0
          },
          "overall": {
            "complete": 0,
            "percent": 0.0,
            "total": 0
          },
          "ports": {
            "complete": 0,
            "total": 0
          },
          "system": ""
        },
        "warnings": []
      }
    },
    {
      "chapter": "01_basics.md",
      "hcl": "system \"nothing\" {\n  description = \"an empty system\"\n}",
      "input_sha256": "fa10bcd472f8d57c7e8b5444c160fc7f8f73a0d0296583dfdaa0a1905243289c",
      "level": "component",
      "output": {
        "errors": [],
        "score": {
          "components": {
            "complete": 0,
            "total": 0
          },
          "connections": {
            "complete": 0,
            "total": 0
          },
          "messages": {
            "complete": 0,
            "total": 0
          },
          "overall": {
            "complete": 0,
            "percent": 0.0,
            "total": 0
          },
          "ports": {
            "complete": 0,
            "total": 0
          },
          "system": ""
        },
        "warnings": []
      }
    },
    {
      "chapter": "03_connections_ports.md",
      "hcl": "component \"computer\" {\n  description = \"Personal Computer (PC)\"\n  leaf = true\n  port \"usb-c\" { }\n}\n\ncomponent \"mouse\" {\n  description = \"Computer Mouse\"\n  leaf = true\n  port \"usb-c\" { }\n}\n\nsystem \"work-computer\" {\n  description = \"My work computer\"\n  instance \"computer\" { source = \"computer\" }\n  instance \"mouse\" { source = \"mouse\" }\n\n  connection \"mouse-to-computer\" {\n    description = \"Mouse connected to the PC by a USB-C cable\"\n    from = \"computer/usb-c\"\n    to = \"mouse/usb-c\"\n  }\n}",
      "input_sha256": "630dc0355ff1cf2008b550835b8d88ce7fb4e422429b6099d34d41e7f3e63048",
      "level": "architectural",
      "output": {
        "errors": [],
        "score": {
          "components": {
            "complete": 4,
            "total": 4
          },
          "connections": {
            "complete": 0,
            "total": 1
          },
          "messages": {
            "complete": 0,
            "total": 0
          },
          "overall": {
            "complete": 4,
            "percent": 50.0,
            "total": 9
          },
          "ports": {
            "complete": 0,
            "total": 4
          },
          "system": ""
        },
        "warnings": []
      }
    },
    {
      "chapter": "03_connections_ports.md",
      "hcl": "component \"server\" {\n  description = \"Server in the cloud\"\n  leaf = true\n}\n\ncomponent \"client\" {\n  description = \"Client's computer\"\n  leaf = true\n}\n\nsystem \"banking-application\" {\n  description = \"Internet-based access to your bank account\"\n\n  instance \"server\" { source = \"server\" }\n  instance \"client\" { source = \"client\" }\n\n  connection \"api-access\" {\n    description = \"REST API with OAuth2\"\n    from = \"server\"\n    to = \"client\"\n  }\n}",
      "input_sha256": "c1426e020bdd5ab8e52b3cf3171956f7737f8aa16aeea57fc80b40641ff8b2fc",
      "level": "architectural",
      "output": {
        "errors": [],
        "score": {
          "components": {
            "complete": 4,
            "total": 4
          },
          "connections": {
            "complete": 0,
            "total": 1
          },
          "messages": {
            "complete": 0,
            "total": 0
          },
          "overall": {
            "complete": 4,
            "percent": 80.0,
            "total": 5
          },
          "ports": {
            "complete": 0,
            "total": 0
          },
          "system": ""
        },
        "warnings": []
      }
    },
    {
      "chapter": "04_warnings_errors.md",
      "hcl": "protocol \"serial\" {\n  # No messages are defined yet.\n}\n\ncomponent \"sensor-hat\" {\n  description = \"Reusable sensor board\"\n  leaf        = true\n\n  port \"data\" {\n    protocol = \"serial\"\n  }\n}\n\ncomponent \"controller\" {\n  leaf = true\n\n  port \"uart\" {\n    protocol = \"serial\"\n  }\n}\n\nsystem \"dev-rig\" {\n  description = \"A rough first sketch\"\n\n  instance \"controller\" {\n    source = \"controller\"\n  }\n\n  instance \"sensor\" {\n    source = \"sensor-hat\"\n  }\n\n  connection \"link\" {\n    from = \"controller/uart\"\n    to   = \"sensor/data\"\n  }\n}",
      "input_sha256": "21cd28baaf7d6a4632685acd44c54bee6a67513ed45e3c64db1c95beb931f63f",
      "level": "component",
      "output": {
        "errors": [],
        "score": {
          "components": {
            "complete": 2,
            "total": 4
          },
          "connections": {
            "complete": 1,
            "total": 1
          },
          "messages": {
            "complete": 0,
            "total": 0
          },
          "overall": {
            "complete": 3,
            "percent": 44.4,
            "total": 9
          },
          "ports": {
            "complete": 0,
            "total": 4
          },
          "system": ""
        },
        "warnings": [
          {
            "code": "W004",
            "message": "component 'controller' is missing a description"
          },
          {
            "code": "W004",
            "message": "connection 'link' is missing a description"
          },
          {
            "code": "W011",
            "message": "protocol 'serial' has no messages defined"
          },
          {
            "code": "W018",
            "message": "component 'controller' is missing documentation (docs/controller.md)"
          },
          {
            "code": "W018",
            "message": "component 'sensor-hat' is missing documentation (docs/sensor-hat.md)"
          }
        ]
      }
    }
  ],
  "format": 2,
  "projects": [
    {
      "chapter": "01_basics.md",
      "files": [
        {
          "path": "diagrams/main.hcl",
          "sha256": "fa324ce5491316606c4d3ae4740265cb3c93c996db78b78bc29af3be37a6cb74"
        },
        {
          "path": "system.hcl",
          "sha256": "5fec2bca183aa7ad5c25c9f5aaa097c0f3394ddc27556497288da60dc318ac10"
        }
      ],
      "input_sha256": "cd087e9b97bc2d21a279ebc17f80e21d5a880ee7f7c1466feaba48f16797d971",
      "output": {
        "errors": [],
        "score": {
          "components": {
            "complete": 11,
            "total": 11
          },
          "connections": {
            "complete": 0,
            "total": 3
          },
          "messages": {
            "complete": 0,
            "total": 0
          },
          "overall": {
            "complete": 11,
            "percent": 78.6,
            "total": 14
          },
          "ports": {
            "complete": 0,
            "total": 0
          },
          "system": ""
        },
        "warnings": [
          {
            "code": "W003",
            "message": "component 'tire' (source 'tire') is not referenced by any connection"
          },
          {
            "code": "W003",
            "message": "component 'tire' (source 'tire') is not referenced by any connection"
          },
          {
            "code": "W003",
            "message": "component 'tire' (source 'tire') is not referenced by any connection"
          }
        ]
      },
      "src": "basics/demo",
      "level": "architectural"
    },
    {
      "chapter": "02_views_intro.md",
      "files": [
        {
          "path": "diagrams/overview.hcl",
          "sha256": "fb4908570795095ce5e3d93b1f450c728467dfa52a03bc789dde49350ff8d3e7"
        },
        {
          "path": "diagrams/pc-build.hcl",
          "sha256": "296f54542669615288b3e3247c29a2549878f09f293bf041331bd360f2589dcf"
        },
        {
          "path": "system.hcl",
          "sha256": "e3844f505895a0ed9e0055bd2201c2bab8147a6d358ef285c89262ff0545c45a"
        }
      ],
      "input_sha256": "503a37c583d840acf37a980c10352d16e3c1f2ccc125ef2b70d21d81891aec89",
      "output": {
        "errors": [],
        "score": {
          "components": {
            "complete": 10,
            "total": 10
          },
          "connections": {
            "complete": 0,
            "total": 3
          },
          "messages": {
            "complete": 0,
            "total": 0
          },
          "overall": {
            "complete": 10,
            "percent": 76.9,
            "total": 13
          },
          "ports": {
            "complete": 0,
            "total": 0
          },
          "system": ""
        },
        "warnings": []
      },
      "src": "views-intro/1_example_simple",
      "level": "architectural"
    },
    {
      "chapter": "02_views_intro.md",
      "files": [
        {
          "path": "diagrams/overview.hcl",
          "sha256": "fd14f276fbdb6faa4d72532432cadfdedb42c471a11ab65fd13c2d9a0766a55b"
        },
        {
          "path": "system.hcl",
          "sha256": "e3844f505895a0ed9e0055bd2201c2bab8147a6d358ef285c89262ff0545c45a"
        }
      ],
      "input_sha256": "c951413629a9bd60cffef0fcaf9bab934e3282f653d8c89a193eef5767fe260f",
      "output": {
        "errors": [],
        "score": {
          "components": {
            "complete": 10,
            "total": 10
          },
          "connections": {
            "complete": 0,
            "total": 3
          },
          "messages": {
            "complete": 0,
            "total": 0
          },
          "overall": {
            "complete": 10,
            "percent": 76.9,
            "total": 13
          },
          "ports": {
            "complete": 0,
            "total": 0
          },
          "system": ""
        },
        "warnings": [
          {
            "code": "W016",
            "message": "diagrams/overview.hcl: view 'overview' node 'computer-setup/not-a-computer' does not reference a known component"
          }
        ]
      },
      "src": "views-intro/2_example_error",
      "level": "architectural"
    }
  ],
  "rhizz_version": "rhizz 0.1.0"
}
