{
  "entries": [
    {
      "chapter": "01_basics.md",
      "hcl": "component \"tire\" {\n  full_name = \"A 24in bicycle tire\"\n  leaf = true\n}\n\ncomponent \"wheel\" {\n  full_name = \"A spinning round object\"\n  instance \"tire\" {source = \"tire\"}\n}\n\ncomponent \"fork\" {\n  full_name = \"Holds the front wheel\"\n  leaf = true\n}\n\ncomponent \"frame\"  {\n  full_name = \"main component of a bicycle\"\n  leaf = true\n}\n\nsystem \"bicycle\" {\n  full_name = \"Personal transport vehicle\"\n\n  instance \"front-wheel\" {source = \"wheel\"}\n  instance \"rear-wheel\" {source = \"wheel\"}\n  instance \"fork\" {source = \"fork\"}\n  instance \"frame\" {source = \"frame\"}\n\n  connection \"front-wheel-mount\" {\n    full_name = \"keeps the front wheel attached\"\n    from = \"./front-wheel\"\n    to = \"fork\"\n  }\n\n  connection \"rear-wheel-mount\" {\n    full_name = \"keeps the rear wheel attached\"\n    from = \"./rear-wheel\"\n    to = \"./frame\"\n  }\n\n  connection \"fork-mount\" {\n    full_name = \"bearing connecting the fork to the frame\"\n    from = \"./fork\"\n    to = \"./frame\"\n  }\n}",
      "input_sha256": "02d93e57014e0170af1abc6fd5fd34c5470ac6873a412219428514b15a8bfee0",
      "level": "architectural",
      "output": {
        "errors": [],
        "score": {
          "components": {
            "complete": 11,
            "total": 11
          },
          "connections": {
            "complete": 0,
            "total": 3
          },
          "messages": {
            "complete": 0,
            "total": 0
          },
          "overall": {
            "complete": 11,
            "percent": 78.6,
            "total": 14
          },
          "ports": {
            "complete": 0,
            "total": 0
          },
          "system": ""
        },
        "warnings": [
          {
            "code": "W003",
            "message": "component 'tire' (source 'tire') is not referenced by any connection"
          },
          {
            "code": "W003",
            "message": "component 'tire' (source 'tire') is not referenced by any connection"
          },
          {
            "code": "W003",
            "message": "component 'tire' (source 'tire') is not referenced by any connection"
          }
        ]
      }
    },
    {
      "chapter": "01_basics.md",
      "hcl": "component \"wheel\" {\n  full_name = \"A spinning round object\"\n}",
      "input_sha256": "50ee71ff8253a3cd8f0eb663fddb091056fad96693381349452246ddabbdc3a6",
      "level": "architectural",
      "output": {
        "errors": [],
        "score": {
          "components": {
            "complete": 0,
            "total": 1
          },
          "connections": {
            "complete": 0,
            "total": 0
          },
          "messages": {
            "complete": 0,
            "total": 0
          },
          "overall": {
            "complete": 0,
            "percent": 0.0,
            "total": 1
          },
          "ports": {
            "complete": 0,
            "total": 0
          },
          "system": ""
        },
        "warnings": [
          {
            "code": "W001",
            "message": "component 'wheel' is non-leaf but has no child components"
          }
        ]
      }
    },
    {
      "chapter": "01_basics.md",
      "hcl": "component \"wheel\" {\n  full_name = \"A spinning round object\"\n  leaf = true\n}\n\nsystem \"bicycle\" {\n  full_name = \"Personal transport vehicle\"\n\n  instance \"front-wheel\" {source = \"wheel\"}\n  instance \"rear-wheel\" {source = \"wheel\"}\n}",
      "input_sha256": "a6ddcc421dd5beef7727c32b4b2441b59e6c0574eec6bcfaaf9bc567d7b83e05",
      "level": "architectural",
      "output": {
        "errors": [],
        "score": {
          "components": {
            "complete": 3,
            "total": 3
          },
          "connections": {
            "complete": 0,
            "total": 0
          },
          "messages": {
            "complete": 0,
            "total": 0
          },
          "overall": {
            "complete": 3,
            "percent": 100.0,
            "total": 3
          },
          "ports": {
            "complete": 0,
            "total": 0
          },
          "system": ""
        },
        "warnings": [
          {
            "code": "W003",
            "message": "component 'front-wheel' (source 'wheel') is not referenced by any connection"
          },
          {
            "code": "W003",
            "message": "component 'rear-wheel' (source 'wheel') is not referenced by any connection"
          }
        ]
      }
    },
    {
      "chapter": "01_basics.md",
      "hcl": "system \"nothing\" {\n  full_name = \"an empty system\"\n}\n\nsystem \"also-nothing\" {\n  full_name = \"Nothingness 2.0: Electric Bongaloo\"\n}",
      "input_sha256": "c473870b58787f96632230e2ddeebc6208ad3a36492838fb4f2f21a05e4aa128",
      "level": "component",
      "output": {
        "errors": [],
        "score": {
          "components": {
            "complete": 0,
            "total": 0
          },
          "connections": {
            "complete": 0,
            "total": 0
          },
          "messages": {
            "complete": 0,
            "total": 0
          },
          "overall": {
            "complete": 0,
            "percent": 0.0,
            "total": 0
          },
          "ports": {
            "complete": 0,
            "total": 0
          },
          "system": ""
        },
        "warnings": []
      }
    },
    {
      "chapter": "01_basics.md",
      "hcl": "component \"tire\" {\n  full_name = \"A 24in bicycle tire\"\n  leaf = true\n}\n\ncomponent \"wheel\" {\n  full_name = \"A spinning round object\"\n  instance \"tire\" {source = \"tire\"}\n}\n\nsystem \"bicycle\" {\n  full_name = \"Personal transport vehicle\"\n\n  instance \"front-wheel\" {source = \"wheel\"}\n  instance \"rear-wheel\" {source = \"wheel\"}\n}",
      "input_sha256": "d5ea982502899ed3b0fccdedb881151670991f7d29849ff52c2c3af1e5287b9e",
      "level": "architectural",
      "output": {
        "errors": [],
        "score": {
          "components": {
            "complete": 7,
            "total": 7
          },
          "connections": {
            "complete": 0,
            "total": 0
          },
          "messages": {
            "complete": 0,
            "total": 0
          },
          "overall": {
            "complete": 7,
            "percent": 100.0,
            "total": 7
          },
          "ports": {
            "complete": 0,
            "total": 0
          },
          "system": ""
        },
        "warnings": [
          {
            "code": "W003",
            "message": "component 'front-wheel' (source 'wheel') is not referenced by any connection"
          },
          {
            "code": "W003",
            "message": "component 'rear-wheel' (source 'wheel') is not referenced by any connection"
          },
          {
            "code": "W003",
            "message": "component 'tire' (source 'tire') is not referenced by any connection"
          },
          {
            "code": "W003",
            "message": "component 'tire' (source 'tire') is not referenced by any connection"
          },
          {
            "code": "W003",
            "message": "component 'tire' (source 'tire') is not referenced by any connection"
          }
        ]
      }
    },
    {
      "chapter": "01_basics.md",
      "hcl": "system \"nothing\" {\n  full_name = \"an empty system\"\n}",
      "input_sha256": "ecc1e8933c6245be77e34e62894183d34801bdc4cb9cbca721830015e1cb67c4",
      "level": "component",
      "output": {
        "errors": [],
        "score": {
          "components": {
            "complete": 0,
            "total": 0
          },
          "connections": {
            "complete": 0,
            "total": 0
          },
          "messages": {
            "complete": 0,
            "total": 0
          },
          "overall": {
            "complete": 0,
            "percent": 0.0,
            "total": 0
          },
          "ports": {
            "complete": 0,
            "total": 0
          },
          "system": ""
        },
        "warnings": []
      }
    },
    {
      "chapter": "03_connections_ports.md",
      "hcl": "component \"computer\" {\n  full_name = \"Personal Computer (PC)\"\n  leaf = true\n  port \"usb-c\" { }\n}\n\ncomponent \"mouse\" {\n  full_name = \"Computer Mouse\"\n  leaf = true\n  port \"usb-c\" { }\n}\n\nsystem \"work-computer\" {\n  full_name = \"My work computer\"\n  instance \"computer\" { source = \"computer\" }\n  instance \"mouse\" { source = \"mouse\" }\n\n  connection \"mouse-to-computer\" {\n    full_name = \"Mouse connected to the PC by a USB-C cable\"\n    from = \"computer/usb-c\"\n    to = \"mouse/usb-c\"\n  }\n}",
      "input_sha256": "6d31856fbba069c9fb6f9e2daeb6b0a3c5b38d23bb50199c5d98aa4c0b815c82",
      "level": "architectural",
      "output": {
        "errors": [],
        "score": {
          "components": {
            "complete": 4,
            "total": 4
          },
          "connections": {
            "complete": 0,
            "total": 1
          },
          "messages": {
            "complete": 0,
            "total": 0
          },
          "overall": {
            "complete": 4,
            "percent": 50.0,
            "total": 9
          },
          "ports": {
            "complete": 0,
            "total": 4
          },
          "system": ""
        },
        "warnings": []
      }
    },
    {
      "chapter": "03_connections_ports.md",
      "hcl": "component \"server\" {\n  full_name = \"Server in the cloud\"\n  leaf = true\n}\n\ncomponent \"client\" {\n  full_name = \"Client's computer\"\n  leaf = true\n}\n\nsystem \"banking-application\" {\n  full_name = \"Internet-based access to your bank account\"\n\n  instance \"server\" { source = \"server\" }\n  instance \"client\" { source = \"client\" }\n\n  connection \"api-access\" {\n    full_name = \"REST API with OAuth2\"\n    from = \"server\"\n    to = \"client\"\n  }\n}",
      "input_sha256": "c63e9940ef24c65947997e768ba9f75a5a63b18001bd039db01dd9aa9899642e",
      "level": "architectural",
      "output": {
        "errors": [],
        "score": {
          "components": {
            "complete": 4,
            "total": 4
          },
          "connections": {
            "complete": 0,
            "total": 1
          },
          "messages": {
            "complete": 0,
            "total": 0
          },
          "overall": {
            "complete": 4,
            "percent": 80.0,
            "total": 5
          },
          "ports": {
            "complete": 0,
            "total": 0
          },
          "system": ""
        },
        "warnings": []
      }
    },
    {
      "chapter": "04_warnings_errors.md",
      "hcl": "protocol \"serial\" {\n  # No messages are defined yet.\n}\n\ncomponent \"sensor-hat\" {\n  full_name = \"Reusable sensor board\"\n  leaf        = true\n\n  port \"data\" {\n    protocol = \"serial\"\n  }\n}\n\ncomponent \"controller\" {\n  leaf = true\n\n  port \"uart\" {\n    protocol = \"serial\"\n  }\n}\n\nsystem \"dev-rig\" {\n  full_name = \"A rough first sketch\"\n\n  instance \"controller\" {\n    source = \"controller\"\n  }\n\n  instance \"sensor\" {\n    source = \"sensor-hat\"\n  }\n\n  connection \"link\" {\n    from = \"controller/uart\"\n    to   = \"sensor/data\"\n  }\n}",
      "input_sha256": "68f0de96b196262d0f9ec810adf9fa07a4276f01ffcf4802630d14e6a5b54534",
      "level": "component",
      "output": {
        "errors": [],
        "score": {
          "components": {
            "complete": 2,
            "total": 4
          },
          "connections": {
            "complete": 1,
            "total": 1
          },
          "messages": {
            "complete": 0,
            "total": 0
          },
          "overall": {
            "complete": 3,
            "percent": 44.4,
            "total": 9
          },
          "ports": {
            "complete": 0,
            "total": 4
          },
          "system": ""
        },
        "warnings": [
          {
            "code": "W004",
            "message": "component 'controller' is missing a full_name"
          },
          {
            "code": "W004",
            "message": "connection 'link' is missing a full_name"
          },
          {
            "code": "W011",
            "message": "protocol 'serial' has no messages defined"
          },
          {
            "code": "W018",
            "message": "component 'controller' is missing documentation (docs/controller.md)"
          },
          {
            "code": "W018",
            "message": "component 'sensor-hat' is missing documentation (docs/sensor-hat.md)"
          }
        ]
      }
    }
  ],
  "format": 2,
  "projects": [
    {
      "chapter": "01_basics.md",
      "files": [
        {
          "path": "system.hcl",
          "sha256": "7a8d9ccbc34a7ec1c508694b2115cad5b4f1835112934453296a1efd72063ad3"
        },
        {
          "path": "views/main.hcl",
          "sha256": "fa324ce5491316606c4d3ae4740265cb3c93c996db78b78bc29af3be37a6cb74"
        }
      ],
      "input_sha256": "83f5bf2e4e4c06b3a9920b6c91ed180720bdd11cf74161d8ad012e52250ac786",
      "output": {
        "errors": [],
        "score": {
          "components": {
            "complete": 11,
            "total": 11
          },
          "connections": {
            "complete": 0,
            "total": 3
          },
          "messages": {
            "complete": 0,
            "total": 0
          },
          "overall": {
            "complete": 11,
            "percent": 78.6,
            "total": 14
          },
          "ports": {
            "complete": 0,
            "total": 0
          },
          "system": ""
        },
        "warnings": [
          {
            "code": "W003",
            "message": "component 'tire' (source 'tire') is not referenced by any connection"
          },
          {
            "code": "W003",
            "message": "component 'tire' (source 'tire') is not referenced by any connection"
          },
          {
            "code": "W003",
            "message": "component 'tire' (source 'tire') is not referenced by any connection"
          }
        ]
      },
      "src": "basics/demo",
      "level": "architectural"
    },
    {
      "chapter": "02_views_intro.md",
      "files": [
        {
          "path": "system.hcl",
          "sha256": "50cb65dafe320c959dda2d4d72afc7c3760971c92a904b64e41f924c6288326b"
        },
        {
          "path": "views/overview.hcl",
          "sha256": "fb4908570795095ce5e3d93b1f450c728467dfa52a03bc789dde49350ff8d3e7"
        },
        {
          "path": "views/pc-build.hcl",
          "sha256": "296f54542669615288b3e3247c29a2549878f09f293bf041331bd360f2589dcf"
        }
      ],
      "input_sha256": "52784e46bf2adc9284b8a1109acfbbb18e20d9db3907aef23002618e610e60f3",
      "output": {
        "errors": [],
        "score": {
          "components": {
            "complete": 10,
            "total": 10
          },
          "connections": {
            "complete": 0,
            "total": 3
          },
          "messages": {
            "complete": 0,
            "total": 0
          },
          "overall": {
            "complete": 10,
            "percent": 76.9,
            "total": 13
          },
          "ports": {
            "complete": 0,
            "total": 0
          },
          "system": ""
        },
        "warnings": []
      },
      "src": "views-intro/1_example_simple",
      "level": "architectural"
    },
    {
      "chapter": "02_views_intro.md",
      "files": [
        {
          "path": "system.hcl",
          "sha256": "50cb65dafe320c959dda2d4d72afc7c3760971c92a904b64e41f924c6288326b"
        },
        {
          "path": "views/overview.hcl",
          "sha256": "fd14f276fbdb6faa4d72532432cadfdedb42c471a11ab65fd13c2d9a0766a55b"
        }
      ],
      "input_sha256": "c86fc8ea48fceca08888e4f91f5a38c28763c64e43781a32e7438f74cb4e4118",
      "output": {
        "errors": [],
        "score": {
          "components": {
            "complete": 10,
            "total": 10
          },
          "connections": {
            "complete": 0,
            "total": 3
          },
          "messages": {
            "complete": 0,
            "total": 0
          },
          "overall": {
            "complete": 10,
            "percent": 76.9,
            "total": 13
          },
          "ports": {
            "complete": 0,
            "total": 0
          },
          "system": ""
        },
        "warnings": [
          {
            "code": "W016",
            "message": "views/overview.hcl: view 'overview' node 'computer-setup/not-a-computer' does not reference a known component"
          }
        ]
      },
      "src": "views-intro/2_example_error",
      "level": "architectural"
    }
  ],
  "rhizz_version": "rhizz 0.1.0"
}
